// !$*UTF8*$!
{
	archiveVersion = 1;
	classes = {
	};
	objectVersion = 46;
	objects = {

/* Begin PBXBuildFile section */
		F155C4BE1EE69FF800BDE75A /* main.m in Sources */ = {isa = PBXBuildFile; fileRef = F155C4BD1EE69FF800BDE75A /* main.m */; };
		F155C4C11EE69FF800BDE75A /* AppDelegate.m in Sources */ = {isa = PBXBuildFile; fileRef = F155C4C01EE69FF800BDE75A /* AppDelegate.m */; };
		F155C4C41EE69FF800BDE75A /* ProductListVC.m in Sources */ = {isa = PBXBuildFile; fileRef = F155C4C31EE69FF800BDE75A /* ProductListVC.m */; };
		F155C4C71EE69FF800BDE75A /* Main.storyboard in Resources */ = {isa = PBXBuildFile; fileRef = F155C4C51EE69FF800BDE75A /* Main.storyboard */; };
		F155C4C91EE69FF800BDE75A /* Assets.xcassets in Resources */ = {isa = PBXBuildFile; fileRef = F155C4C81EE69FF800BDE75A /* Assets.xcassets */; };
		F155C4CC1EE69FF800BDE75A /* LaunchScreen.storyboard in Resources */ = {isa = PBXBuildFile; fileRef = F155C4CA1EE69FF800BDE75A /* LaunchScreen.storyboard */; };
		F155C4D51EE6A1E500BDE75A /* Productcell.m in Sources */ = {isa = PBXBuildFile; fileRef = F155C4D41EE6A1E500BDE75A /* Productcell.m */; };
		F197F31D1EE6D20C00508C76 /* apple_mask.png in Resources */ = {isa = PBXBuildFile; fileRef = F197F31C1EE6D20C00508C76 /* apple_mask.png */; };
/* End PBXBuildFile section */

/* Begin PBXFileReference section */
		F155C4B91EE69FF800BDE75A /* cart.app */ = {isa = PBXFileReference; explicitFileType = wrapper.application; includeInIndex = 0; path = cart.app; sourceTree = BUILT_PRODUCTS_DIR; };
		F155C4BD1EE69FF800BDE75A /* main.m */ = {isa = PBXFileReference; lastKnownFileType = sourcecode.c.objc; path = main.m; sourceTree = "<group>"; };
		F155C4BF1EE69FF800BDE75A /* AppDelegate.h */ = {isa = PBXFileReference; lastKnownFileType = sourcecode.c.h; path = AppDelegate.h; sourceTree = "<group>"; };
		F155C4C01EE69FF800BDE75A /* AppDelegate.m */ = {isa = PBXFileReference; lastKnownFileType = sourcecode.c.objc; path = AppDelegate.m; sourceTree = "<group>"; };
		F155C4C21EE69FF800BDE75A /* ProductListVC.h */ = {isa = PBXFileReference; lastKnownFileType = sourcecode.c.h; path = ProductListVC.h; sourceTree = "<group>"; };
		F155C4C31EE69FF800BDE75A /* ProductListVC.m */ = {isa = PBXFileReference; lastKnownFileType = sourcecode.c.objc; path = ProductListVC.m; sourceTree = "<group>"; };
		F155C4C61EE69FF800BDE75A /* Base */ = {isa = PBXFileReference; lastKnownFileType = file.storyboard; name = Base; path = Base.lproj/Main.storyboard; sourceTree = "<group>"; };
		F155C4C81EE69FF800BDE75A /* Assets.xcassets */ = {isa = PBXFileReference; lastKnownFileType = folder.assetcatalog; path = Assets.xcassets; sourceTree = "<group>"; };
		F155C4CB1EE69FF800BDE75A /* Base */ = {isa = PBXFileReference; lastKnownFileType = file.storyboard; name = Base; path = Base.lproj/LaunchScreen.storyboard; sourceTree = "<group>"; };
		F155C4CD1EE69FF800BDE75A /* Info.plist */ = {isa = PBXFileReference; lastKnownFileType = text.plist.xml; path = Info.plist; sourceTree = "<group>"; };
		F155C4D31EE6A1E500BDE75A /* Productcell.h */ = {isa = PBXFileReference; fileEncoding = 4; lastKnownFileType = sourcecode.c.h; path = Productcell.h; sourceTree = "<group>"; };
		F155C4D41EE6A1E500BDE75A /* Productcell.m */ = {isa = PBXFileReference; fileEncoding = 4; lastKnownFileType = sourcecode.c.objc; path = Productcell.m; sourceTree = "<group>"; };
		F197F31C1EE6D20C00508C76 /* apple_mask.png */ = {isa = PBXFileReference; lastKnownFileType = image.png; path = apple_mask.png; sourceTree = "<group>"; };
/* End PBXFileReference section */

/* Begin PBXFrameworksBuildPhase section */
		F155C4B61EE69FF800BDE75A /* Frameworks */ = {
			isa = PBXFrameworksBuildPhase;
			buildActionMask = 2147483647;
			files = (
			);
			runOnlyForDeploymentPostprocessing = 0;
		};
/* End PBXFrameworksBuildPhase section */

/* Begin PBXGroup section */
		F155C4B01EE69FF800BDE75A = {
			isa = PBXGroup;
			children = (
				F155C4BB1EE69FF800BDE75A /* cart */,
				F155C4BA1EE69FF800BDE75A /* Products */,
			);
			sourceTree = "<group>";
		};
		F155C4BA1EE69FF800BDE75A /* Products */ = {
			isa = PBXGroup;
			children = (
				F155C4B91EE69FF800BDE75A /* cart.app */,
			);
			name = Products;
			sourceTree = "<group>";
		};
		F155C4BB1EE69FF800BDE75A /* cart */ = {
			isa = PBXGroup;
			children = (
				F155C4BF1EE69FF800BDE75A /* AppDelegate.h */,
				F155C4C01EE69FF800BDE75A /* AppDelegate.m */,
				F155C4C21EE69FF800BDE75A /* ProductListVC.h */,
				F155C4C31EE69FF800BDE75A /* ProductListVC.m */,
				F155C4D31EE6A1E500BDE75A /* Productcell.h */,
				F155C4D41EE6A1E500BDE75A /* Productcell.m */,
				F155C4C51EE69FF800BDE75A /* Main.storyboard */,
				F155C4C81EE69FF800BDE75A /* Assets.xcassets */,
				F197F31C1EE6D20C00508C76 /* apple_mask.png */,
				F155C4CA1EE69FF800BDE75A /* LaunchScreen.storyboard */,
				F155C4CD1EE69FF800BDE75A /* Info.plist */,
				F155C4BC1EE69FF800BDE75A /* Supporting Files */,
			);
			path = cart;
			sourceTree = "<group>";
		};
		F155C4BC1EE69FF800BDE75A /* Supporting Files */ = {
			isa = PBXGroup;
			children = (
				F155C4BD1EE69FF800BDE75A /* main.m */,
			);
			name = "Supporting Files";
			sourceTree = "<group>";
		};
/* End PBXGroup section */

/* Begin PBXNativeTarget section */
		F155C4B81EE69FF800BDE75A /* cart */ = {
			isa = PBXNativeTarget;
			buildConfigurationList = F155C4D01EE69FF800BDE75A /* Build configuration list for PBXNativeTarget "cart" */;
			buildPhases = (
				F155C4B51EE69FF800BDE75A /* Sources */,
				F155C4B61EE69FF800BDE75A /* Frameworks */,
				F155C4B71EE69FF800BDE75A /* Resources */,
			);
			buildRules = (
			);
			dependencies = (
			);
			name = cart;
			productName = cart;
			productReference = F155C4B91EE69FF800BDE75A /* cart.app */;
			productType = "com.apple.product-type.application";
		};
/* End PBXNativeTarget section */

/* Begin PBXProject section */
		F155C4B11EE69FF800BDE75A /* Project object */ = {
			isa = PBXProject;
			attributes = {
				LastUpgradeCheck = 0830;
				ORGANIZATIONNAME = "";
				TargetAttributes = {
					F155C4B81EE69FF800BDE75A = {
						CreatedOnToolsVersion = 8.3.2;
						DevelopmentTeam = 685EJS55D9;
						ProvisioningStyle = Automatic;
					};
				};
			};
			buildConfigurationList = F155C4B41EE69FF800BDE75A /* Build configuration list for PBXProject "cart" */;
			compatibilityVersion = "Xcode 3.2";
			developmentRegion = English;
			hasScannedForEncodings = 0;
			knownRegions = (
				en,
				Base,
			);
			mainGroup = F155C4B01EE69FF800BDE75A;
			productRefGroup = F155C4BA1EE69FF800BDE75A /* Products */;
			projectDirPath = "";
			projectRoot = "";
			targets = (
				F155C4B81EE69FF800BDE75A /* cart */,
			);
		};
/* End PBXProject section */

/* Begin PBXResourcesBuildPhase section */
		F155C4B71EE69FF800BDE75A /* Resources */ = {
			isa = PBXResourcesBuildPhase;
			buildActionMask = 2147483647;
			files = (
				F155C4CC1EE69FF800BDE75A /* LaunchScreen.storyboard in Resources */,
				F155C4C91EE69FF800BDE75A /* Assets.xcassets in Resources */,
				F197F31D1EE6D20C00508C76 /* apple_mask.png in Resources */,
				F155C4C71EE69FF800BDE75A /* Main.storyboard in Resources */,
			);
			runOnlyForDeploymentPostprocessing = 0;
		};
/* End PBXResourcesBuildPhase section */

/* Begin PBXSourcesBuildPhase section */
		F155C4B51EE69FF800BDE75A /* Sources */ = {
			isa = PBXSourcesBuildPhase;
			buildActionMask = 2147483647;
			files = (
				F155C4C41EE69FF800BDE75A /* ProductListVC.m in Sources */,
				F155C4D51EE6A1E500BDE75A /* Productcell.m in Sources */,
				F155C4C11EE69FF800BDE75A /* AppDelegate.m in Sources */,
				F155C4BE1EE69FF800BDE75A /* main.m in Sources */,
			);
			runOnlyForDeploymentPostprocessing = 0;
		};
/* End PBXSourcesBuildPhase section */

/* Begin PBXVariantGroup section */
		F155C4C51EE69FF800BDE75A /* Main.storyboard */ = {
			isa = PBXVariantGroup;
			children = (
				F155C4C61EE69FF800BDE75A /* Base */,
			);
			name = Main.storyboard;
			sourceTree = "<group>";
		};
		F155C4CA1EE69FF800BDE75A /* LaunchScreen.storyboard */ = {
			isa = PBXVariantGroup;
			children = (
				F155C4CB1EE69FF800BDE75A /* Base */,
			);
			name = LaunchScreen.storyboard;
			sourceTree = "<group>";
		};
/* End PBXVariantGroup section */

/* Begin XCBuildConfiguration section */
		F155C4CE1EE69FF800BDE75A /* Debug */ = {
			isa = XCBuildConfiguration;
			buildSettings = {
				ALWAYS_SEARCH_USER_PATHS = NO;
				CLANG_ANALYZER_NONNULL = YES;
				CLANG_ANALYZER_NUMBER_OBJECT_CONVERSION = YES_AGGRESSIVE;
				CLANG_CXX_LANGUAGE_STANDARD = "gnu++0x";
				CLANG_CXX_LIBRARY = "libc++";
				CLANG_ENABLE_MODULES = YES;
				CLANG_ENABLE_OBJC_ARC = YES;
				CLANG_WARN_BOOL_CONVERSION = YES;
				CLANG_WARN_CONSTANT_CONVERSION = YES;
				CLANG_WARN_DIRECT_OBJC_ISA_USAGE = YES_ERROR;
				CLANG_WARN_DOCUMENTATION_COMMENTS = YES;
				CLANG_WARN_EMPTY_BODY = YES;
				CLANG_WARN_ENUM_CONVERSION = YES;
				CLANG_WARN_INFINITE_RECURSION = YES;
				CLANG_WARN_INT_CONVERSION = YES;
				CLANG_WARN_OBJC_ROOT_CLASS = YES_ERROR;
				CLANG_WARN_SUSPICIOUS_MOVE = YES;
				CLANG_WARN_UNREACHABLE_CODE = YES;
				CLANG_WARN__DUPLICATE_METHOD_MATCH = YES;
				"CODE_SIGN_IDENTITY[sdk=iphoneos*]" = "iPhone Developer";
				COPY_PHASE_STRIP = NO;
				DEBUG_INFORMATION_FORMAT = dwarf;
				ENABLE_STRICT_OBJC_MSGSEND = YES;
				ENABLE_TESTABILITY = YES;
				GCC_C_LANGUAGE_STANDARD = gnu99;
				GCC_DYNAMIC_NO_PIC = NO;
				GCC_NO_COMMON_BLOCKS = YES;
				GCC_OPTIMIZATION_LEVEL = 0;
				GCC_PREPROCESSOR_DEFINITIONS = (
					"DEBUG=1",
					"$(inherited)",
				);
				GCC_WARN_64_TO_32_BIT_CONVERSION = YES;
				GCC_WARN_ABOUT_RETURN_TYPE = YES_ERROR;
				GCC_WARN_UNDECLARED_SELECTOR = YES;
				GCC_WARN_UNINITIALIZED_AUTOS = YES_AGGRESSIVE;
				GCC_WARN_UNUSED_FUNCTION = YES;
				GCC_WARN_UNUSED_VARIABLE = YES;
				IPHONEOS_DEPLOYMENT_TARGET = 10.3;
				MTL_ENABLE_DEBUG_INFO = YES;
				ONLY_ACTIVE_ARCH = YES;
				SDKROOT = iphoneos;
			};
			name = Debug;
		};
		F155C4CF1EE69FF800BDE75A /* Release */ = {
			isa = XCBuildConfiguration;
			buildSettings = {
				ALWAYS_SEARCH_USER_PATHS = NO;
				CLANG_ANALYZER_NONNULL = YES;
				CLANG_ANALYZER_NUMBER_OBJECT_CONVERSION = YES_AGGRESSIVE;
				CLANG_CXX_LANGUAGE_STANDARD = "gnu++0x";
				CLANG_CXX_LIBRARY = "libc++";
				CLANG_ENABLE_MODULES = YES;
				CLANG_ENABLE_OBJC_ARC = YES;
				CLANG_WARN_BOOL_CONVERSION = YES;
				CLANG_WARN_CONSTANT_CONVERSION = YES;
				CLANG_WARN_DIRECT_OBJC_ISA_USAGE = YES_ERROR;
				CLANG_WARN_DOCUMENTATION_COMMENTS = YES;
				CLANG_WARN_EMPTY_BODY = YES;
				CLANG_WARN_ENUM_CONVERSION = YES;
				CLANG_WARN_INFINITE_RECURSION = YES;
				CLANG_WARN_INT_CONVERSION = YES;
				CLANG_WARN_OBJC_ROOT_CLASS = YES_ERROR;
				CLANG_WARN_SUSPICIOUS_MOVE = YES;
				CLANG_WARN_UNREACHABLE_CODE = YES;
				CLANG_WARN__DUPLICATE_METHOD_MATCH = YES;
				"CODE_SIGN_IDENTITY[sdk=iphoneos*]" = "iPhone Developer";
				COPY_PHASE_STRIP = NO;
				DEBUG_INFORMATION_FORMAT = "dwarf-with-dsym";
				ENABLE_NS_ASSERTIONS = NO;
				ENABLE_STRICT_OBJC_MSGSEND = YES;
				GCC_C_LANGUAGE_STANDARD = gnu99;
				GCC_NO_COMMON_BLOCKS = YES;
				GCC_WARN_64_TO_32_BIT_CONVERSION = YES;
				GCC_WARN_ABOUT_RETURN_TYPE = YES_ERROR;
				GCC_WARN_UNDECLARED_SELECTOR = YES;
				GCC_WARN_UNINITIALIZED_AUTOS = YES_AGGRESSIVE;
				GCC_WARN_UNUSED_FUNCTION = YES;
				GCC_WARN_UNUSED_VARIABLE = YES;
				IPHONEOS_DEPLOYMENT_TARGET = 10.3;
				MTL_ENABLE_DEBUG_INFO = NO;
				SDKROOT = iphoneos;
				VALIDATE_PRODUCT = YES;
			};
			name = Release;
		};
		F155C4D11EE69FF800BDE75A /* Debug */ = {
			isa = XCBuildConfiguration;
			buildSettings = {
				ASSETCATALOG_COMPILER_APPICON_NAME = AppIcon;
				DEVELOPMENT_TEAM = 685EJS55D9;
				INFOPLIST_FILE = cart/Info.plist;
				LD_RUNPATH_SEARCH_PATHS = "$(inherited) @executable_path/Frameworks";
				PRODUCT_BUNDLE_IDENTIFIER = com.firepush.cnsoftnet.cart;
				PRODUCT_NAME = "$(TARGET_NAME)";
			};
			name = Debug;
		};
		F155C4D21EE69FF800BDE75A /* Release */ = {
			isa = XCBuildConfiguration;
			buildSettings = {
				ASSETCATALOG_COMPILER_APPICON_NAME = AppIcon;
				DEVELOPMENT_TEAM = 685EJS55D9;
				INFOPLIST_FILE = cart/Info.plist;
				LD_RUNPATH_SEARCH_PATHS = "$(inherited) @executable_path/Frameworks";
				PRODUCT_BUNDLE_IDENTIFIER = com.firepush.cnsoftnet.cart;
				PRODUCT_NAME = "$(TARGET_NAME)";
			};
			name = Release;
		};
/* End XCBuildConfiguration section */

/* Begin XCConfigurationList section */
		F155C4B41EE69FF800BDE75A /* Build configuration list for PBXProject "cart" */ = {
			isa = XCConfigurationList;
			buildConfigurations = (
				F155C4CE1EE69FF800BDE75A /* Debug */,
				F155C4CF1EE69FF800BDE75A /* Release */,
			);
			defaultConfigurationIsVisible = 0;
			defaultConfigurationName = Release;
		};
		F155C4D01EE69FF800BDE75A /* Build configuration list for PBXNativeTarget "cart" */ = {
			isa = XCConfigurationList;
			buildConfigurations = (
				F155C4D11EE69FF800BDE75A /* Debug */,
				F155C4D21EE69FF800BDE75A /* Release */,
			);
			defaultConfigurationIsVisible = 0;
			defaultConfigurationName = Release;
		};
/* End XCConfigurationList section */
	};
	rootObject = F155C4B11EE69FF800BDE75A /* Project object */;
}
